
Microsoft Visual Studio Solution File, Format Version 12.00
# Visual Studio Version 16
VisualStudioVersion = 16.0.33130.400
MinimumVisualStudioVersion = 10.0.40219.1
Project("{8BC9CEB8-8B4A-11D0-8D11-00A0C91BC942}") = "Age Calculator", "Age Calculator.vcxproj", "{9C1085BC-1204-44B4-9C32-B4BA5127436A}"
EndProject
Global
	GlobalSection(SolutionConfigurationPlatforms) = preSolution
		Debug|x64 = Debug|x64
		Debug|x86 = Debug|x86
		Release|x64 = Release|x64
		Release|x86 = Release|x86
	EndGlobalSection
	GlobalSection(ProjectConfigurationPlatforms) = postSolution
		{9C1085BC-1204-44B4-9C32-B4BA5127436A}.Debug|x64.ActiveCfg = Debug|x64
		{9C1085BC-1204-44B4-9C32-B4BA5127436A}.Debug|x64.Build.0 = Debug|x64
		{9C1085BC-1204-44B4-9C32-B4BA5127436A}.Debug|x86.ActiveCfg = Debug|Win32
		{9C1085BC-1204-44B4-9C32-B4BA5127436A}.Debug|x86.Build.0 = Debug|Win32
		{9C1085BC-1204-44B4-9C32-B4BA5127436A}.Release|x64.ActiveCfg = Release|x64
		{9C1085BC-1204-44B4-9C32-B4BA5127436A}.Release|x64.Build.0 = Release|x64
		{9C1085BC-1204-44B4-9C32-B4BA5127436A}.Release|x86.ActiveCfg = Release|Win32
		{9C1085BC-1204-44B4-9C32-B4BA5127436A}.Release|x86.Build.0 = Release|Win32
	EndGlobalSection
	GlobalSection(SolutionProperties) = preSolution
		HideSolutionNode = FALSE
	EndGlobalSection
	GlobalSection(ExtensibilityGlobals) = postSolution
		SolutionGuid = {C063F378-B40F-4055-967B-0D13C9403316}
	EndGlobalSection
EndGlobal
